name: 01.building blocks
on: push

jobs:
   echo-hello:
      run-on: ubuntu-latest
      steps: 
         - name: say echo-hello
           run: echo "hello world"

   echo-goodby:
      run-on: ubuntu-latest
      steps:
         - name: Failed - name    
           run: |
              echo " I will fail"
              exit 1
         - name: Say goodbye
            run: echo "Good by"
         
